
Microsoft Visual Studio Solution File, Format Version 12.00
# Visual Studio Version 17
VisualStudioVersion = 17.2.32516.85
MinimumVisualStudioVersion = 10.0.40219.1
Project("{FAE04EC0-301F-11D3-BF4B-00C04F79EFBC}") = "CLI_Vizsga", "CLI_Vizsga\CLI_Vizsga.csproj", "{02235EAF-D1CF-4898-A7F6-6BA54525F6AB}"
EndProject
Project("{FAE04EC0-301F-11D3-BF4B-00C04F79EFBC}") = "CLI_VizsgaTests", "CLI_VizsgaTests\CLI_VizsgaTests.csproj", "{7890E3BC-76C9-4ACC-AF29-98E1675AD5C0}"
EndProject
Global
	GlobalSection(SolutionConfigurationPlatforms) = preSolution
		Debug|Any CPU = Debug|Any CPU
		Release|Any CPU = Release|Any CPU
	EndGlobalSection
	GlobalSection(ProjectConfigurationPlatforms) = postSolution
		{02235EAF-D1CF-4898-A7F6-6BA54525F6AB}.Debug|Any CPU.ActiveCfg = Debug|Any CPU
		{02235EAF-D1CF-4898-A7F6-6BA54525F6AB}.Debug|Any CPU.Build.0 = Debug|Any CPU
		{02235EAF-D1CF-4898-A7F6-6BA54525F6AB}.Release|Any CPU.ActiveCfg = Release|Any CPU
		{02235EAF-D1CF-4898-A7F6-6BA54525F6AB}.Release|Any CPU.Build.0 = Release|Any CPU
		{7890E3BC-76C9-4ACC-AF29-98E1675AD5C0}.Debug|Any CPU.ActiveCfg = Debug|Any CPU
		{7890E3BC-76C9-4ACC-AF29-98E1675AD5C0}.Debug|Any CPU.Build.0 = Debug|Any CPU
		{7890E3BC-76C9-4ACC-AF29-98E1675AD5C0}.Release|Any CPU.ActiveCfg = Release|Any CPU
		{7890E3BC-76C9-4ACC-AF29-98E1675AD5C0}.Release|Any CPU.Build.0 = Release|Any CPU
	EndGlobalSection
	GlobalSection(SolutionProperties) = preSolution
		HideSolutionNode = FALSE
	EndGlobalSection
	GlobalSection(ExtensibilityGlobals) = postSolution
		SolutionGuid = {D7393D7A-F006-48A2-BDC8-8BB5C17A40FF}
	EndGlobalSection
EndGlobal
